{
  "nodes": {
    "appimage-runtime": {
      "flake": false,
      "locked": {
        "lastModified": 1652289700,
        "narHash": "sha256-uxQBDy/JA7uEboTOUmGaZ2FAKY/0dQ9c0A0N8+J+a7I=",
        "owner": "AppImageCrafters",
        "repo": "appimage-runtime",
        "rev": "6500a1ef68e039caba2ebab1c7ed74c2ea9e67a5",
        "type": "github"
      },
      "original": {
        "owner": "AppImageCrafters",
        "repo": "appimage-runtime",
        "type": "github"
      }
    },
    "flake-compat": {
      "flake": false,
      "locked": {
        "lastModified": 1733328505,
        "narHash": "sha256-NeCCThCEP3eCl2l/+27kNNK7QrwZB1IJCrXfrbv5oqU=",
        "owner": "edolstra",
        "repo": "flake-compat",
        "rev": "ff81ac966bb2cae68946d5ed5fc4994f96d0ffec",
        "type": "github"
      },
      "original": {
        "owner": "edolstra",
        "repo": "flake-compat",
        "type": "github"
      }
    },
    "flake-utils": {
      "inputs": {
        "systems": "systems"
      },
      "locked": {
        "lastModified": 1731533236,
        "narHash": "sha256-l0KFg5HjrsfsO/JpG+r7fRrqm12kzFHyUHqHCVpMMbI=",
        "owner": "numtide",
        "repo": "flake-utils",
        "rev": "11707dc2f618dd54ca8739b309ec4fc024de578b",
        "type": "github"
      },
      "original": {
        "owner": "numtide",
        "repo": "flake-utils",
        "type": "github"
      }
    },
    "nixpkgs": {
      "locked": {
        "lastModified": 1738702386,
        "narHash": "sha256-nJj8f78AYAxl/zqLiFGXn5Im1qjFKU8yBPKoWEeZN5M=",
        "owner": "NixOS",
        "repo": "nixpkgs",
        "rev": "030ba1976b7c0e1a67d9716b17308ccdab5b381e",
        "type": "github"
      },
      "original": {
        "id": "nixpkgs",
        "ref": "nixos-24.11",
        "type": "indirect"
      }
    },
    "root": {
      "inputs": {
        "appimage-runtime": "appimage-runtime",
        "flake-compat": "flake-compat",
        "flake-utils": "flake-utils",
        "nixpkgs": "nixpkgs",
        "squashfuse": "squashfuse"
      }
    },
    "squashfuse": {
      "flake": false,
      "locked": {
        "lastModified": 1655253282,
        "narHash": "sha256-RIhDXzpmrYUOwj5OYzjWKJw0cwE+L3t/9pIkg/hFXA0=",
        "owner": "vasi",
        "repo": "squashfuse",
        "rev": "d1d7ddafb765098b34239eacaf2f9abee1fbc27c",
        "type": "github"
      },
      "original": {
        "owner": "vasi",
        "ref": "0.1.105",
        "repo": "squashfuse",
        "type": "github"
      }
    },
    "systems": {
      "locked": {
        "lastModified": 1681028828,
        "narHash": "sha256-Vy1rq5AaRuLzOxct8nz4T6wlgyUR7zLU309k9mBC768=",
        "owner": "nix-systems",
        "repo": "default",
        "rev": "da67096a3b9bf56a91d16901293e51ba5b49a27e",
        "type": "github"
      },
      "original": {
        "owner": "nix-systems",
        "repo": "default",
        "type": "github"
      }
    }
  },
  "root": "root",
  "version": 7
}
