{
  "nodes": {
    "appimage-runtime": {
      "flake": false,
      "locked": {
        "lastModified": 1652289700,
        "narHash": "sha256-uxQBDy/JA7uEboTOUmGaZ2FAKY/0dQ9c0A0N8+J+a7I=",
        "owner": "AppImageCrafters",
        "repo": "appimage-runtime",
        "rev": "6500a1ef68e039caba2ebab1c7ed74c2ea9e67a5",
        "type": "github"
      },
      "original": {
        "owner": "AppImageCrafters",
        "repo": "appimage-runtime",
        "type": "github"
      }
    },
    "flake-compat": {
      "flake": false,
      "locked": {
        "lastModified": 1673956053,
        "narHash": "sha256-4gtG9iQuiKITOjNQQeQIpoIB6b16fm+504Ch3sNKLd8=",
        "owner": "edolstra",
        "repo": "flake-compat",
        "rev": "35bb57c0c8d8b62bbfd284272c928ceb64ddbde9",
        "type": "github"
      },
      "original": {
        "owner": "edolstra",
        "repo": "flake-compat",
        "type": "github"
      }
    },
    "flake-utils": {
      "inputs": {
        "systems": "systems"
      },
      "locked": {
        "lastModified": 1689068808,
        "narHash": "sha256-6ixXo3wt24N/melDWjq70UuHQLxGV8jZvooRanIHXw0=",
        "owner": "numtide",
        "repo": "flake-utils",
        "rev": "919d646de7be200f3bf08cb76ae1f09402b6f9b4",
        "type": "github"
      },
      "original": {
        "owner": "numtide",
        "repo": "flake-utils",
        "type": "github"
      }
    },
    "nixpkgs": {
      "locked": {
        "lastModified": 1690271650,
        "narHash": "sha256-qwdsW8DBY1qH+9luliIH7VzgwvL+ZGI3LZWC0LTiDMI=",
        "owner": "NixOS",
        "repo": "nixpkgs",
        "rev": "6dc93f0daec55ee2f441da385aaf143863e3d671",
        "type": "github"
      },
      "original": {
        "id": "nixpkgs",
        "ref": "nixos-23.05",
        "type": "indirect"
      }
    },
    "root": {
      "inputs": {
        "appimage-runtime": "appimage-runtime",
        "flake-compat": "flake-compat",
        "flake-utils": "flake-utils",
        "nixpkgs": "nixpkgs",
        "squashfuse": "squashfuse"
      }
    },
    "squashfuse": {
      "flake": false,
      "locked": {
        "lastModified": 1690396971,
        "narHash": "sha256-8TCzbUzohu9OZ3BWXD1HtqSd7uk4T+BcQLgh08Egwd0=",
        "owner": "vasi",
        "repo": "squashfuse",
        "rev": "590db2d7621144e819a61eaa969b2cb720449e7d",
        "type": "github"
      },
      "original": {
        "owner": "vasi",
        "repo": "squashfuse",
        "type": "github"
      }
    },
    "systems": {
      "locked": {
        "lastModified": 1681028828,
        "narHash": "sha256-Vy1rq5AaRuLzOxct8nz4T6wlgyUR7zLU309k9mBC768=",
        "owner": "nix-systems",
        "repo": "default",
        "rev": "da67096a3b9bf56a91d16901293e51ba5b49a27e",
        "type": "github"
      },
      "original": {
        "owner": "nix-systems",
        "repo": "default",
        "type": "github"
      }
    }
  },
  "root": "root",
  "version": 7
}
